
Microsoft Visual Studio Solution File, Format Version 12.00
# Visual Studio Version 16
VisualStudioVersion = 16.0.29123.88
MinimumVisualStudioVersion = 10.0.40219.1
Project("{FAE04EC0-301F-11D3-BF4B-00C04F79EFBC}") = "test_LINQ", "test_LINQ\test_LINQ.csproj", "{0DF42B91-A4D3-45B5-8D84-FC655A039A3C}"
EndProject
Global
	GlobalSection(SolutionConfigurationPlatforms) = preSolution
		Debug|Any CPU = Debug|Any CPU
		Release|Any CPU = Release|Any CPU
	EndGlobalSection
	GlobalSection(ProjectConfigurationPlatforms) = postSolution
		{0DF42B91-A4D3-45B5-8D84-FC655A039A3C}.Debug|Any CPU.ActiveCfg = Debug|Any CPU
		{0DF42B91-A4D3-45B5-8D84-FC655A039A3C}.Debug|Any CPU.Build.0 = Debug|Any CPU
		{0DF42B91-A4D3-45B5-8D84-FC655A039A3C}.Release|Any CPU.ActiveCfg = Release|Any CPU
		{0DF42B91-A4D3-45B5-8D84-FC655A039A3C}.Release|Any CPU.Build.0 = Release|Any CPU
	EndGlobalSection
	GlobalSection(SolutionProperties) = preSolution
		HideSolutionNode = FALSE
	EndGlobalSection
	GlobalSection(ExtensibilityGlobals) = postSolution
		SolutionGuid = {51CF91FA-B34E-4FF3-B678-4BECA5BFCBF5}
	EndGlobalSection
EndGlobal
